
Microsoft Visual Studio Solution File, Format Version 10.00
# Visual Studio 2008
Project("{2150E333-8FDC-42A3-9474-1A3956D46DE8}") = "Solution Items", "Solution Items", "{0C2D01D5-5611-4099-B0E8-0190C10BC2DC}"
	ProjectSection(SolutionItems) = preProject
		LocalTestRun.testrunconfig = LocalTestRun.testrunconfig
		System.ServiceModel.Examples.vsmdi = System.ServiceModel.Examples.vsmdi
	EndProjectSection
EndProject
Project("{FAE04EC0-301F-11D3-BF4B-00C04F79EFBC}") = "Operations", "Operations\Operations.csproj", "{1FF1A338-CD83-4272-8108-9C3218D30CAE}"
EndProject
Project("{FAE04EC0-301F-11D3-BF4B-00C04F79EFBC}") = "Instance Management", "Instance Management\Instance Management.csproj", "{ECAA06F3-F01F-47AB-9FDB-E276A1C650AC}"
EndProject
Project("{2150E333-8FDC-42A3-9474-1A3956D46DE8}") = "Reference Projects", "Reference Projects", "{0BE0D251-97FA-4E75-8E5C-BEF825BFA4AD}"
EndProject
Project("{FAE04EC0-301F-11D3-BF4B-00C04F79EFBC}") = "Transactions", "..\CodeRunner\Transactions\Transactions.csproj", "{FE702AED-3A15-48EE-8E46-04FCADF22D43}"
EndProject
Project("{FAE04EC0-301F-11D3-BF4B-00C04F79EFBC}") = "ServiceModel.Extensions", "..\CodeRunner\ServiceModel.Extensions\ServiceModel.Extensions.csproj", "{02565A66-4153-4217-BED5-55DAC69808D0}"
EndProject
Global
	GlobalSection(TestCaseManagementSettings) = postSolution
		CategoryFile = System.ServiceModel.Examples.vsmdi
	EndGlobalSection
	GlobalSection(SolutionConfigurationPlatforms) = preSolution
		Debug|Any CPU = Debug|Any CPU
		Release|Any CPU = Release|Any CPU
	EndGlobalSection
	GlobalSection(ProjectConfigurationPlatforms) = postSolution
		{1FF1A338-CD83-4272-8108-9C3218D30CAE}.Debug|Any CPU.ActiveCfg = Debug|Any CPU
		{1FF1A338-CD83-4272-8108-9C3218D30CAE}.Debug|Any CPU.Build.0 = Debug|Any CPU
		{1FF1A338-CD83-4272-8108-9C3218D30CAE}.Release|Any CPU.ActiveCfg = Release|Any CPU
		{1FF1A338-CD83-4272-8108-9C3218D30CAE}.Release|Any CPU.Build.0 = Release|Any CPU
		{ECAA06F3-F01F-47AB-9FDB-E276A1C650AC}.Debug|Any CPU.ActiveCfg = Debug|Any CPU
		{ECAA06F3-F01F-47AB-9FDB-E276A1C650AC}.Debug|Any CPU.Build.0 = Debug|Any CPU
		{ECAA06F3-F01F-47AB-9FDB-E276A1C650AC}.Release|Any CPU.ActiveCfg = Release|Any CPU
		{ECAA06F3-F01F-47AB-9FDB-E276A1C650AC}.Release|Any CPU.Build.0 = Release|Any CPU
		{FE702AED-3A15-48EE-8E46-04FCADF22D43}.Debug|Any CPU.ActiveCfg = Debug|Any CPU
		{FE702AED-3A15-48EE-8E46-04FCADF22D43}.Debug|Any CPU.Build.0 = Debug|Any CPU
		{FE702AED-3A15-48EE-8E46-04FCADF22D43}.Release|Any CPU.ActiveCfg = Release|Any CPU
		{FE702AED-3A15-48EE-8E46-04FCADF22D43}.Release|Any CPU.Build.0 = Release|Any CPU
		{02565A66-4153-4217-BED5-55DAC69808D0}.Debug|Any CPU.ActiveCfg = Debug|Any CPU
		{02565A66-4153-4217-BED5-55DAC69808D0}.Debug|Any CPU.Build.0 = Debug|Any CPU
		{02565A66-4153-4217-BED5-55DAC69808D0}.Release|Any CPU.ActiveCfg = Release|Any CPU
		{02565A66-4153-4217-BED5-55DAC69808D0}.Release|Any CPU.Build.0 = Release|Any CPU
	EndGlobalSection
	GlobalSection(SolutionProperties) = preSolution
		HideSolutionNode = FALSE
	EndGlobalSection
	GlobalSection(NestedProjects) = preSolution
		{FE702AED-3A15-48EE-8E46-04FCADF22D43} = {0BE0D251-97FA-4E75-8E5C-BEF825BFA4AD}
		{02565A66-4153-4217-BED5-55DAC69808D0} = {0BE0D251-97FA-4E75-8E5C-BEF825BFA4AD}
	EndGlobalSection
EndGlobal
