
Microsoft Visual Studio Solution File, Format Version 10.00
# Visual Studio 2008
Project("{FAE04EC0-301F-11D3-BF4B-00C04F79EFBC}") = "Service", "Service\Service.csproj", "{24FCB1FA-7765-4760-A675-E79E1B3BE5ED}"
EndProject
Project("{FAE04EC0-301F-11D3-BF4B-00C04F79EFBC}") = "Client", "Client\Client.csproj", "{57D61E0B-2E44-42D9-86CF-5BBB16B2A6BD}"
EndProject
Global
	GlobalSection(SolutionConfigurationPlatforms) = preSolution
		Debug|Any CPU = Debug|Any CPU
		Release|Any CPU = Release|Any CPU
	EndGlobalSection
	GlobalSection(ProjectConfigurationPlatforms) = postSolution
		{24FCB1FA-7765-4760-A675-E79E1B3BE5ED}.Debug|Any CPU.ActiveCfg = Debug|Any CPU
		{24FCB1FA-7765-4760-A675-E79E1B3BE5ED}.Debug|Any CPU.Build.0 = Debug|Any CPU
		{24FCB1FA-7765-4760-A675-E79E1B3BE5ED}.Release|Any CPU.ActiveCfg = Release|Any CPU
		{24FCB1FA-7765-4760-A675-E79E1B3BE5ED}.Release|Any CPU.Build.0 = Release|Any CPU
		{57D61E0B-2E44-42D9-86CF-5BBB16B2A6BD}.Debug|Any CPU.ActiveCfg = Debug|Any CPU
		{57D61E0B-2E44-42D9-86CF-5BBB16B2A6BD}.Debug|Any CPU.Build.0 = Debug|Any CPU
		{57D61E0B-2E44-42D9-86CF-5BBB16B2A6BD}.Release|Any CPU.ActiveCfg = Release|Any CPU
		{57D61E0B-2E44-42D9-86CF-5BBB16B2A6BD}.Release|Any CPU.Build.0 = Release|Any CPU
	EndGlobalSection
	GlobalSection(SolutionProperties) = preSolution
		HideSolutionNode = FALSE
	EndGlobalSection
EndGlobal
