
Microsoft Visual Studio Solution File, Format Version 10.00
# Visual Studio 2008
Project("{FAE04EC0-301F-11D3-BF4B-00C04F79EFBC}") = "WcfChatServer", "WcfChatServer\WcfChatServer.csproj", "{185484AC-BA19-4635-8E44-06E324B71C7B}"
EndProject
Project("{FAE04EC0-301F-11D3-BF4B-00C04F79EFBC}") = "WcfChatClient", "WcfChatClient\WcfChatClient.csproj", "{A9FADCAF-98E4-4620-A9A0-478450BD37E6}"
EndProject
Global
	GlobalSection(SolutionConfigurationPlatforms) = preSolution
		Debug|Any CPU = Debug|Any CPU
		Release|Any CPU = Release|Any CPU
	EndGlobalSection
	GlobalSection(ProjectConfigurationPlatforms) = postSolution
		{185484AC-BA19-4635-8E44-06E324B71C7B}.Debug|Any CPU.ActiveCfg = Debug|Any CPU
		{185484AC-BA19-4635-8E44-06E324B71C7B}.Debug|Any CPU.Build.0 = Debug|Any CPU
		{185484AC-BA19-4635-8E44-06E324B71C7B}.Release|Any CPU.ActiveCfg = Release|Any CPU
		{185484AC-BA19-4635-8E44-06E324B71C7B}.Release|Any CPU.Build.0 = Release|Any CPU
		{A9FADCAF-98E4-4620-A9A0-478450BD37E6}.Debug|Any CPU.ActiveCfg = Debug|Any CPU
		{A9FADCAF-98E4-4620-A9A0-478450BD37E6}.Debug|Any CPU.Build.0 = Debug|Any CPU
		{A9FADCAF-98E4-4620-A9A0-478450BD37E6}.Release|Any CPU.ActiveCfg = Release|Any CPU
		{A9FADCAF-98E4-4620-A9A0-478450BD37E6}.Release|Any CPU.Build.0 = Release|Any CPU
	EndGlobalSection
	GlobalSection(SolutionProperties) = preSolution
		HideSolutionNode = FALSE
	EndGlobalSection
EndGlobal
