
Microsoft Visual Studio Solution File, Format Version 10.00
# Visual Studio 2008
Project("{FAE04EC0-301F-11D3-BF4B-00C04F79EFBC}") = "Counter Service Library", "Counter Service Library\Counter Service Library.csproj", "{9831862C-5760-4B39-8952-5C6BB8006207}"
EndProject
Project("{FAE04EC0-301F-11D3-BF4B-00C04F79EFBC}") = "Demo Application", "Demo Application\Demo Application.csproj", "{00DD8F29-1407-4F3B-B6B7-9154ABE4298B}"
	ProjectSection(ProjectDependencies) = postProject
		{9831862C-5760-4B39-8952-5C6BB8006207} = {9831862C-5760-4B39-8952-5C6BB8006207}
	EndProjectSection
EndProject
Project("{FAE04EC0-301F-11D3-BF4B-00C04F79EFBC}") = "System.ServiceModel.Extensions", "..\..\System.ServiceModel.Extensions\System.ServiceModel.Extensions\System.ServiceModel.Extensions.csproj", "{02565A66-4153-4217-BED5-55DAC69808D0}"
EndProject
Project("{FAE04EC0-301F-11D3-BF4B-00C04F79EFBC}") = "Throttling", "Throttling\Throttling.csproj", "{ECAA06F3-F01F-47AB-9FDB-E276A1C650AC}"
EndProject
Project("{2150E333-8FDC-42A3-9474-1A3956D46DE8}") = "Solution Items", "Solution Items", "{210FFF4B-881D-45DC-B8F9-D2BFBFF55471}"
	ProjectSection(SolutionItems) = preProject
		LocalTestRun.testrunconfig = LocalTestRun.testrunconfig
		WCF Instance Management.vsmdi = WCF Instance Management.vsmdi
	EndProjectSection
EndProject
Global
	GlobalSection(TestCaseManagementSettings) = postSolution
		CategoryFile = WCF Instance Management.vsmdi
	EndGlobalSection
	GlobalSection(SolutionConfigurationPlatforms) = preSolution
		Debug|Any CPU = Debug|Any CPU
		Release|Any CPU = Release|Any CPU
	EndGlobalSection
	GlobalSection(ProjectConfigurationPlatforms) = postSolution
		{9831862C-5760-4B39-8952-5C6BB8006207}.Debug|Any CPU.ActiveCfg = Debug|Any CPU
		{9831862C-5760-4B39-8952-5C6BB8006207}.Debug|Any CPU.Build.0 = Debug|Any CPU
		{9831862C-5760-4B39-8952-5C6BB8006207}.Release|Any CPU.ActiveCfg = Release|Any CPU
		{9831862C-5760-4B39-8952-5C6BB8006207}.Release|Any CPU.Build.0 = Release|Any CPU
		{00DD8F29-1407-4F3B-B6B7-9154ABE4298B}.Debug|Any CPU.ActiveCfg = Debug|Any CPU
		{00DD8F29-1407-4F3B-B6B7-9154ABE4298B}.Debug|Any CPU.Build.0 = Debug|Any CPU
		{00DD8F29-1407-4F3B-B6B7-9154ABE4298B}.Release|Any CPU.ActiveCfg = Release|Any CPU
		{00DD8F29-1407-4F3B-B6B7-9154ABE4298B}.Release|Any CPU.Build.0 = Release|Any CPU
		{02565A66-4153-4217-BED5-55DAC69808D0}.Debug|Any CPU.ActiveCfg = Debug|Any CPU
		{02565A66-4153-4217-BED5-55DAC69808D0}.Debug|Any CPU.Build.0 = Debug|Any CPU
		{02565A66-4153-4217-BED5-55DAC69808D0}.Release|Any CPU.ActiveCfg = Release|Any CPU
		{02565A66-4153-4217-BED5-55DAC69808D0}.Release|Any CPU.Build.0 = Release|Any CPU
		{ECAA06F3-F01F-47AB-9FDB-E276A1C650AC}.Debug|Any CPU.ActiveCfg = Debug|Any CPU
		{ECAA06F3-F01F-47AB-9FDB-E276A1C650AC}.Debug|Any CPU.Build.0 = Debug|Any CPU
		{ECAA06F3-F01F-47AB-9FDB-E276A1C650AC}.Release|Any CPU.ActiveCfg = Release|Any CPU
		{ECAA06F3-F01F-47AB-9FDB-E276A1C650AC}.Release|Any CPU.Build.0 = Release|Any CPU
	EndGlobalSection
	GlobalSection(SolutionProperties) = preSolution
		HideSolutionNode = FALSE
	EndGlobalSection
EndGlobal
