
Microsoft Visual Studio Solution File, Format Version 10.00
# Visual Studio 2008
Project("{FAE04EC0-301F-11D3-BF4B-00C04F79EFBC}") = "Programmatic Configuration", "Programmatic Configuration\Programmatic Configuration.csproj", "{E8E9506D-ADD6-4442-81E3-AFB1226AAD0B}"
EndProject
Project("{FAE04EC0-301F-11D3-BF4B-00C04F79EFBC}") = "Administrative Configuration", "Administrative Configuration\Administrative Configuration.csproj", "{C1968F37-9B0E-45BE-969E-B8F2584C2E29}"
EndProject
Global
	GlobalSection(SolutionConfigurationPlatforms) = preSolution
		Debug|Any CPU = Debug|Any CPU
		Release|Any CPU = Release|Any CPU
	EndGlobalSection
	GlobalSection(ProjectConfigurationPlatforms) = postSolution
		{E8E9506D-ADD6-4442-81E3-AFB1226AAD0B}.Debug|Any CPU.ActiveCfg = Debug|Any CPU
		{E8E9506D-ADD6-4442-81E3-AFB1226AAD0B}.Debug|Any CPU.Build.0 = Debug|Any CPU
		{E8E9506D-ADD6-4442-81E3-AFB1226AAD0B}.Release|Any CPU.ActiveCfg = Release|Any CPU
		{E8E9506D-ADD6-4442-81E3-AFB1226AAD0B}.Release|Any CPU.Build.0 = Release|Any CPU
		{C1968F37-9B0E-45BE-969E-B8F2584C2E29}.Debug|Any CPU.ActiveCfg = Debug|Any CPU
		{C1968F37-9B0E-45BE-969E-B8F2584C2E29}.Debug|Any CPU.Build.0 = Debug|Any CPU
		{C1968F37-9B0E-45BE-969E-B8F2584C2E29}.Release|Any CPU.ActiveCfg = Release|Any CPU
		{C1968F37-9B0E-45BE-969E-B8F2584C2E29}.Release|Any CPU.Build.0 = Release|Any CPU
	EndGlobalSection
	GlobalSection(SolutionProperties) = preSolution
		HideSolutionNode = FALSE
	EndGlobalSection
EndGlobal
