
Microsoft Visual Studio Solution File, Format Version 10.00
# Visual Studio 2008
Project("{FAE04EC0-301F-11D3-BF4B-00C04F79EFBC}") = "Counter Service Library", "Counter Service Library\Counter Service Library.csproj", "{9831862C-5760-4B39-8952-5C6BB8006207}"
EndProject
Project("{FAE04EC0-301F-11D3-BF4B-00C04F79EFBC}") = "Demo Application", "Demo Application\Demo Application.csproj", "{00DD8F29-1407-4F3B-B6B7-9154ABE4298B}"
EndProject
Global
	GlobalSection(SolutionConfigurationPlatforms) = preSolution
		Debug|Any CPU = Debug|Any CPU
		Release|Any CPU = Release|Any CPU
	EndGlobalSection
	GlobalSection(ProjectConfigurationPlatforms) = postSolution
		{9831862C-5760-4B39-8952-5C6BB8006207}.Debug|Any CPU.ActiveCfg = Debug|Any CPU
		{9831862C-5760-4B39-8952-5C6BB8006207}.Debug|Any CPU.Build.0 = Debug|Any CPU
		{9831862C-5760-4B39-8952-5C6BB8006207}.Release|Any CPU.ActiveCfg = Release|Any CPU
		{9831862C-5760-4B39-8952-5C6BB8006207}.Release|Any CPU.Build.0 = Release|Any CPU
		{00DD8F29-1407-4F3B-B6B7-9154ABE4298B}.Debug|Any CPU.ActiveCfg = Debug|Any CPU
		{00DD8F29-1407-4F3B-B6B7-9154ABE4298B}.Debug|Any CPU.Build.0 = Debug|Any CPU
		{00DD8F29-1407-4F3B-B6B7-9154ABE4298B}.Release|Any CPU.ActiveCfg = Release|Any CPU
		{00DD8F29-1407-4F3B-B6B7-9154ABE4298B}.Release|Any CPU.Build.0 = Release|Any CPU
	EndGlobalSection
	GlobalSection(SolutionProperties) = preSolution
		HideSolutionNode = FALSE
	EndGlobalSection
EndGlobal
