
Microsoft Visual Studio Solution File, Format Version 10.00
# Visual Studio 2008
Project("{F2A71F9B-5D33-465A-A702-920D77279786}") = "Self Hosting", "Self Hosting\Self Hosting.fsproj", "{411AA3BB-91CF-45FD-9EB4-E80252DF69EF}"
EndProject
Global
	GlobalSection(SolutionConfigurationPlatforms) = preSolution
		Debug|Any CPU = Debug|Any CPU
		Release|Any CPU = Release|Any CPU
	EndGlobalSection
	GlobalSection(ProjectConfigurationPlatforms) = postSolution
		{411AA3BB-91CF-45FD-9EB4-E80252DF69EF}.Debug|Any CPU.ActiveCfg = Debug|Any CPU
		{411AA3BB-91CF-45FD-9EB4-E80252DF69EF}.Debug|Any CPU.Build.0 = Debug|Any CPU
		{411AA3BB-91CF-45FD-9EB4-E80252DF69EF}.Release|Any CPU.ActiveCfg = Release|Any CPU
		{411AA3BB-91CF-45FD-9EB4-E80252DF69EF}.Release|Any CPU.Build.0 = Release|Any CPU
	EndGlobalSection
	GlobalSection(SolutionProperties) = preSolution
		HideSolutionNode = FALSE
	EndGlobalSection
EndGlobal
