
Microsoft Visual Studio Solution File, Format Version 10.00
# Visual Studio 2008
Project("{FAE04EC0-301F-11D3-BF4B-00C04F79EFBC}") = "Calculator Service", "Service\Calculator Service.csproj", "{411D22D3-938C-44A1-A017-9024D29243EB}"
EndProject
Project("{FAE04EC0-301F-11D3-BF4B-00C04F79EFBC}") = "Calculator Client", "Client\Calculator Client.csproj", "{0813B93A-D31E-490F-9A58-753E36729854}"
EndProject
Global
	GlobalSection(SolutionConfigurationPlatforms) = preSolution
		Debug|Any CPU = Debug|Any CPU
		Release|Any CPU = Release|Any CPU
	EndGlobalSection
	GlobalSection(ProjectConfigurationPlatforms) = postSolution
		{411D22D3-938C-44A1-A017-9024D29243EB}.Debug|Any CPU.ActiveCfg = Debug|Any CPU
		{411D22D3-938C-44A1-A017-9024D29243EB}.Debug|Any CPU.Build.0 = Debug|Any CPU
		{411D22D3-938C-44A1-A017-9024D29243EB}.Release|Any CPU.ActiveCfg = Release|Any CPU
		{411D22D3-938C-44A1-A017-9024D29243EB}.Release|Any CPU.Build.0 = Release|Any CPU
		{0813B93A-D31E-490F-9A58-753E36729854}.Debug|Any CPU.ActiveCfg = Debug|Any CPU
		{0813B93A-D31E-490F-9A58-753E36729854}.Debug|Any CPU.Build.0 = Debug|Any CPU
		{0813B93A-D31E-490F-9A58-753E36729854}.Release|Any CPU.ActiveCfg = Release|Any CPU
		{0813B93A-D31E-490F-9A58-753E36729854}.Release|Any CPU.Build.0 = Release|Any CPU
	EndGlobalSection
	GlobalSection(SolutionProperties) = preSolution
		HideSolutionNode = FALSE
	EndGlobalSection
EndGlobal
