
Microsoft Visual Studio Solution File, Format Version 11.00
# Visual Studio 2010
Project("{FAE04EC0-301F-11D3-BF4B-00C04F79EFBC}") = "Transactions", "Transactions.csproj", "{90424F8C-A606-4C6D-A2F4-676A51735577}"
EndProject
Global
	GlobalSection(SolutionConfigurationPlatforms) = preSolution
		Debug|Any CPU = Debug|Any CPU
		Release|Any CPU = Release|Any CPU
	EndGlobalSection
	GlobalSection(ProjectConfigurationPlatforms) = postSolution
		{90424F8C-A606-4C6D-A2F4-676A51735577}.Debug|Any CPU.ActiveCfg = Debug|Any CPU
		{90424F8C-A606-4C6D-A2F4-676A51735577}.Debug|Any CPU.Build.0 = Debug|Any CPU
		{90424F8C-A606-4C6D-A2F4-676A51735577}.Release|Any CPU.ActiveCfg = Release|Any CPU
		{90424F8C-A606-4C6D-A2F4-676A51735577}.Release|Any CPU.Build.0 = Release|Any CPU
	EndGlobalSection
	GlobalSection(SolutionProperties) = preSolution
		HideSolutionNode = FALSE
	EndGlobalSection
EndGlobal
