
Microsoft Visual Studio Solution File, Format Version 10.00
# Visual Studio 2008
Project("{FAE04EC0-301F-11D3-BF4B-00C04F79EFBC}") = "Self Hosting", "Basic\Self Hosting\Self Hosting.csproj", "{96625DD1-8A7B-475F-B912-F0F4820928F0}"
EndProject
Project("{2150E333-8FDC-42A3-9474-1A3956D46DE8}") = "Basic", "Basic", "{7C75BF7F-41DE-4521-92B7-DE22459EC26B}"
EndProject
Project("{FAE04EC0-301F-11D3-BF4B-00C04F79EFBC}") = "Channels", "Basic\Channels\Channels.csproj", "{05F0771F-D83A-4D88-89EE-0B38E68D0996}"
EndProject
Project("{FAE04EC0-301F-11D3-BF4B-00C04F79EFBC}") = "Service Proxy", "Basic\Proxy\Service Proxy.csproj", "{CD253D65-7953-4EFF-A162-CC4F7BADEF53}"
EndProject
Project("{2150E333-8FDC-42A3-9474-1A3956D46DE8}") = "Operations", "Operations", "{BB24BC9F-CF74-45D4-8494-E4DBE3BEF85F}"
EndProject
Project("{2150E333-8FDC-42A3-9474-1A3956D46DE8}") = "Streaming", "Streaming", "{C18C73B9-5FCA-450D-ADB0-50B32E5A038D}"
EndProject
Project("{FAE04EC0-301F-11D3-BF4B-00C04F79EFBC}") = "Client", "Operations\Streaming\Client\Client.csproj", "{CE16B7E3-A300-445A-B50E-E84B6703CD6E}"
EndProject
Project("{FAE04EC0-301F-11D3-BF4B-00C04F79EFBC}") = "Service", "Operations\Streaming\Service\Service.csproj", "{04E92433-D595-4AEC-AA4C-B5C1D1BF19F8}"
EndProject
Project("{2150E333-8FDC-42A3-9474-1A3956D46DE8}") = "Concurrency", "Concurrency", "{7B36E48D-B0AE-4517-B252-CC71E7A3A4F1}"
EndProject
Project("{2150E333-8FDC-42A3-9474-1A3956D46DE8}") = "SynchronizationContext", "SynchronizationContext", "{5C4BDF66-2C3F-497A-B705-514796BE628B}"
EndProject
Project("{2150E333-8FDC-42A3-9474-1A3956D46DE8}") = "Callback on UI Thread", "Callback on UI Thread", "{CCD98C57-5F8D-4C1D-9921-279968192DEE}"
EndProject
Project("{FAE04EC0-301F-11D3-BF4B-00C04F79EFBC}") = "Counter Client", "Concurrency\SynchronizationContext\Callback on UI Thread\Client\Counter Client.csproj", "{3A0FA37B-FE01-4714-BD82-3888211A4C42}"
EndProject
Project("{FAE04EC0-301F-11D3-BF4B-00C04F79EFBC}") = "Counter Service", "Concurrency\SynchronizationContext\Callback on UI Thread\Service\Counter Service.csproj", "{12DE461B-CFA7-445C-805B-E67A47A000BD}"
EndProject
Project("{2150E333-8FDC-42A3-9474-1A3956D46DE8}") = "UI Hosted Service", "UI Hosted Service", "{B389EABA-B505-4FBC-A548-20B511D4C30D}"
EndProject
Project("{FAE04EC0-301F-11D3-BF4B-00C04F79EFBC}") = "Counter Service", "Concurrency\SynchronizationContext\UI Hosted Service\Counter Service.csproj", "{989EB0FD-E1CE-4EA7-AD98-3B61EFED81C6}"
EndProject
Project("{2150E333-8FDC-42A3-9474-1A3956D46DE8}") = "Form as a Service", "Form as a Service", "{3375E588-5DAA-41B5-8DAF-4B50F58E633C}"
EndProject
Project("{FAE04EC0-301F-11D3-BF4B-00C04F79EFBC}") = "Counter Service", "Concurrency\SynchronizationContext\Form as a Service\Counter Service.csproj", "{10CFA6B7-B0F5-4CD4-9750-AE1C56753D5E}"
EndProject
Project("{2150E333-8FDC-42A3-9474-1A3956D46DE8}") = "Asynchronous Calls", "Asynchronous Calls", "{E40746F3-3109-4738-84C1-6602F9E7C155}"
EndProject
Project("{FAE04EC0-301F-11D3-BF4B-00C04F79EFBC}") = "Basic Asynchronous Call", "Concurrency\Asynchronous Calls\Basic Asynchronous Call\Basic Asynchronous Call.csproj", "{93ED8347-6143-4526-8066-BCB4F42CB17D}"
EndProject
Project("{2150E333-8FDC-42A3-9474-1A3956D46DE8}") = "Reference Projects", "Reference Projects", "{3F11D4A3-F2E0-4A09-A270-18AAF8DE25F6}"
EndProject
Project("{FAE04EC0-301F-11D3-BF4B-00C04F79EFBC}") = "ServiceModel.Extensions", "..\CodeRunner\ServiceModel.Extensions\ServiceModel.Extensions.csproj", "{02565A66-4153-4217-BED5-55DAC69808D0}"
EndProject
Project("{FAE04EC0-301F-11D3-BF4B-00C04F79EFBC}") = "WaitHandle", "Concurrency\Asynchronous Calls\WaitHandle\WaitHandle.csproj", "{1FE307B2-0EE8-46A6-935B-9EE9E0BB5B88}"
EndProject
Project("{FAE04EC0-301F-11D3-BF4B-00C04F79EFBC}") = "Completion Callback", "Concurrency\Asynchronous Calls\Completion Callback\Completion Callback.csproj", "{A3C3B218-AC28-4E49-92E5-3C879D6C344A}"
EndProject
Project("{FAE04EC0-301F-11D3-BF4B-00C04F79EFBC}") = "Callback SynchronizationContext", "Concurrency\Asynchronous Calls\Callback SynchronizationContext\Callback SynchronizationContext.csproj", "{1F657E99-2368-44CE-BD6F-5D654374E43A}"
EndProject
Project("{FAE04EC0-301F-11D3-BF4B-00C04F79EFBC}") = "Overloading", "Operations\Overloading\Overloading.csproj", "{0813B93A-D31E-490F-9A58-753E36729854}"
EndProject
Project("{2150E333-8FDC-42A3-9474-1A3956D46DE8}") = "Faults", "Faults", "{5A2E7992-9218-4BC0-B29D-3CE94FD32F11}"
EndProject
Global
	GlobalSection(SolutionConfigurationPlatforms) = preSolution
		Debug|Any CPU = Debug|Any CPU
		Release|Any CPU = Release|Any CPU
	EndGlobalSection
	GlobalSection(ProjectConfigurationPlatforms) = postSolution
		{96625DD1-8A7B-475F-B912-F0F4820928F0}.Debug|Any CPU.ActiveCfg = Debug|Any CPU
		{96625DD1-8A7B-475F-B912-F0F4820928F0}.Debug|Any CPU.Build.0 = Debug|Any CPU
		{96625DD1-8A7B-475F-B912-F0F4820928F0}.Release|Any CPU.ActiveCfg = Release|Any CPU
		{96625DD1-8A7B-475F-B912-F0F4820928F0}.Release|Any CPU.Build.0 = Release|Any CPU
		{05F0771F-D83A-4D88-89EE-0B38E68D0996}.Debug|Any CPU.ActiveCfg = Debug|Any CPU
		{05F0771F-D83A-4D88-89EE-0B38E68D0996}.Debug|Any CPU.Build.0 = Debug|Any CPU
		{05F0771F-D83A-4D88-89EE-0B38E68D0996}.Release|Any CPU.ActiveCfg = Release|Any CPU
		{05F0771F-D83A-4D88-89EE-0B38E68D0996}.Release|Any CPU.Build.0 = Release|Any CPU
		{CD253D65-7953-4EFF-A162-CC4F7BADEF53}.Debug|Any CPU.ActiveCfg = Debug|Any CPU
		{CD253D65-7953-4EFF-A162-CC4F7BADEF53}.Debug|Any CPU.Build.0 = Debug|Any CPU
		{CD253D65-7953-4EFF-A162-CC4F7BADEF53}.Release|Any CPU.ActiveCfg = Release|Any CPU
		{CD253D65-7953-4EFF-A162-CC4F7BADEF53}.Release|Any CPU.Build.0 = Release|Any CPU
		{CE16B7E3-A300-445A-B50E-E84B6703CD6E}.Debug|Any CPU.ActiveCfg = Debug|Any CPU
		{CE16B7E3-A300-445A-B50E-E84B6703CD6E}.Debug|Any CPU.Build.0 = Debug|Any CPU
		{CE16B7E3-A300-445A-B50E-E84B6703CD6E}.Release|Any CPU.ActiveCfg = Release|Any CPU
		{CE16B7E3-A300-445A-B50E-E84B6703CD6E}.Release|Any CPU.Build.0 = Release|Any CPU
		{04E92433-D595-4AEC-AA4C-B5C1D1BF19F8}.Debug|Any CPU.ActiveCfg = Debug|Any CPU
		{04E92433-D595-4AEC-AA4C-B5C1D1BF19F8}.Debug|Any CPU.Build.0 = Debug|Any CPU
		{04E92433-D595-4AEC-AA4C-B5C1D1BF19F8}.Release|Any CPU.ActiveCfg = Release|Any CPU
		{04E92433-D595-4AEC-AA4C-B5C1D1BF19F8}.Release|Any CPU.Build.0 = Release|Any CPU
		{3A0FA37B-FE01-4714-BD82-3888211A4C42}.Debug|Any CPU.ActiveCfg = Debug|Any CPU
		{3A0FA37B-FE01-4714-BD82-3888211A4C42}.Debug|Any CPU.Build.0 = Debug|Any CPU
		{3A0FA37B-FE01-4714-BD82-3888211A4C42}.Release|Any CPU.ActiveCfg = Release|Any CPU
		{3A0FA37B-FE01-4714-BD82-3888211A4C42}.Release|Any CPU.Build.0 = Release|Any CPU
		{12DE461B-CFA7-445C-805B-E67A47A000BD}.Debug|Any CPU.ActiveCfg = Debug|Any CPU
		{12DE461B-CFA7-445C-805B-E67A47A000BD}.Debug|Any CPU.Build.0 = Debug|Any CPU
		{12DE461B-CFA7-445C-805B-E67A47A000BD}.Release|Any CPU.ActiveCfg = Release|Any CPU
		{12DE461B-CFA7-445C-805B-E67A47A000BD}.Release|Any CPU.Build.0 = Release|Any CPU
		{989EB0FD-E1CE-4EA7-AD98-3B61EFED81C6}.Debug|Any CPU.ActiveCfg = Debug|Any CPU
		{989EB0FD-E1CE-4EA7-AD98-3B61EFED81C6}.Debug|Any CPU.Build.0 = Debug|Any CPU
		{989EB0FD-E1CE-4EA7-AD98-3B61EFED81C6}.Release|Any CPU.ActiveCfg = Release|Any CPU
		{989EB0FD-E1CE-4EA7-AD98-3B61EFED81C6}.Release|Any CPU.Build.0 = Release|Any CPU
		{10CFA6B7-B0F5-4CD4-9750-AE1C56753D5E}.Debug|Any CPU.ActiveCfg = Debug|Any CPU
		{10CFA6B7-B0F5-4CD4-9750-AE1C56753D5E}.Debug|Any CPU.Build.0 = Debug|Any CPU
		{10CFA6B7-B0F5-4CD4-9750-AE1C56753D5E}.Release|Any CPU.ActiveCfg = Release|Any CPU
		{10CFA6B7-B0F5-4CD4-9750-AE1C56753D5E}.Release|Any CPU.Build.0 = Release|Any CPU
		{93ED8347-6143-4526-8066-BCB4F42CB17D}.Debug|Any CPU.ActiveCfg = Debug|Any CPU
		{93ED8347-6143-4526-8066-BCB4F42CB17D}.Debug|Any CPU.Build.0 = Debug|Any CPU
		{93ED8347-6143-4526-8066-BCB4F42CB17D}.Release|Any CPU.ActiveCfg = Release|Any CPU
		{93ED8347-6143-4526-8066-BCB4F42CB17D}.Release|Any CPU.Build.0 = Release|Any CPU
		{02565A66-4153-4217-BED5-55DAC69808D0}.Debug|Any CPU.ActiveCfg = Debug|Any CPU
		{02565A66-4153-4217-BED5-55DAC69808D0}.Debug|Any CPU.Build.0 = Debug|Any CPU
		{02565A66-4153-4217-BED5-55DAC69808D0}.Release|Any CPU.ActiveCfg = Release|Any CPU
		{02565A66-4153-4217-BED5-55DAC69808D0}.Release|Any CPU.Build.0 = Release|Any CPU
		{1FE307B2-0EE8-46A6-935B-9EE9E0BB5B88}.Debug|Any CPU.ActiveCfg = Debug|Any CPU
		{1FE307B2-0EE8-46A6-935B-9EE9E0BB5B88}.Debug|Any CPU.Build.0 = Debug|Any CPU
		{1FE307B2-0EE8-46A6-935B-9EE9E0BB5B88}.Release|Any CPU.ActiveCfg = Release|Any CPU
		{1FE307B2-0EE8-46A6-935B-9EE9E0BB5B88}.Release|Any CPU.Build.0 = Release|Any CPU
		{A3C3B218-AC28-4E49-92E5-3C879D6C344A}.Debug|Any CPU.ActiveCfg = Debug|Any CPU
		{A3C3B218-AC28-4E49-92E5-3C879D6C344A}.Debug|Any CPU.Build.0 = Debug|Any CPU
		{A3C3B218-AC28-4E49-92E5-3C879D6C344A}.Release|Any CPU.ActiveCfg = Release|Any CPU
		{A3C3B218-AC28-4E49-92E5-3C879D6C344A}.Release|Any CPU.Build.0 = Release|Any CPU
		{1F657E99-2368-44CE-BD6F-5D654374E43A}.Debug|Any CPU.ActiveCfg = Debug|Any CPU
		{1F657E99-2368-44CE-BD6F-5D654374E43A}.Debug|Any CPU.Build.0 = Debug|Any CPU
		{1F657E99-2368-44CE-BD6F-5D654374E43A}.Release|Any CPU.ActiveCfg = Release|Any CPU
		{1F657E99-2368-44CE-BD6F-5D654374E43A}.Release|Any CPU.Build.0 = Release|Any CPU
		{0813B93A-D31E-490F-9A58-753E36729854}.Debug|Any CPU.ActiveCfg = Debug|Any CPU
		{0813B93A-D31E-490F-9A58-753E36729854}.Debug|Any CPU.Build.0 = Debug|Any CPU
		{0813B93A-D31E-490F-9A58-753E36729854}.Release|Any CPU.ActiveCfg = Release|Any CPU
		{0813B93A-D31E-490F-9A58-753E36729854}.Release|Any CPU.Build.0 = Release|Any CPU
	EndGlobalSection
	GlobalSection(SolutionProperties) = preSolution
		HideSolutionNode = FALSE
	EndGlobalSection
	GlobalSection(NestedProjects) = preSolution
		{96625DD1-8A7B-475F-B912-F0F4820928F0} = {7C75BF7F-41DE-4521-92B7-DE22459EC26B}
		{05F0771F-D83A-4D88-89EE-0B38E68D0996} = {7C75BF7F-41DE-4521-92B7-DE22459EC26B}
		{CD253D65-7953-4EFF-A162-CC4F7BADEF53} = {7C75BF7F-41DE-4521-92B7-DE22459EC26B}
		{C18C73B9-5FCA-450D-ADB0-50B32E5A038D} = {BB24BC9F-CF74-45D4-8494-E4DBE3BEF85F}
		{0813B93A-D31E-490F-9A58-753E36729854} = {BB24BC9F-CF74-45D4-8494-E4DBE3BEF85F}
		{CE16B7E3-A300-445A-B50E-E84B6703CD6E} = {C18C73B9-5FCA-450D-ADB0-50B32E5A038D}
		{04E92433-D595-4AEC-AA4C-B5C1D1BF19F8} = {C18C73B9-5FCA-450D-ADB0-50B32E5A038D}
		{5C4BDF66-2C3F-497A-B705-514796BE628B} = {7B36E48D-B0AE-4517-B252-CC71E7A3A4F1}
		{E40746F3-3109-4738-84C1-6602F9E7C155} = {7B36E48D-B0AE-4517-B252-CC71E7A3A4F1}
		{CCD98C57-5F8D-4C1D-9921-279968192DEE} = {5C4BDF66-2C3F-497A-B705-514796BE628B}
		{B389EABA-B505-4FBC-A548-20B511D4C30D} = {5C4BDF66-2C3F-497A-B705-514796BE628B}
		{3375E588-5DAA-41B5-8DAF-4B50F58E633C} = {5C4BDF66-2C3F-497A-B705-514796BE628B}
		{3A0FA37B-FE01-4714-BD82-3888211A4C42} = {CCD98C57-5F8D-4C1D-9921-279968192DEE}
		{12DE461B-CFA7-445C-805B-E67A47A000BD} = {CCD98C57-5F8D-4C1D-9921-279968192DEE}
		{989EB0FD-E1CE-4EA7-AD98-3B61EFED81C6} = {B389EABA-B505-4FBC-A548-20B511D4C30D}
		{10CFA6B7-B0F5-4CD4-9750-AE1C56753D5E} = {3375E588-5DAA-41B5-8DAF-4B50F58E633C}
		{93ED8347-6143-4526-8066-BCB4F42CB17D} = {E40746F3-3109-4738-84C1-6602F9E7C155}
		{1FE307B2-0EE8-46A6-935B-9EE9E0BB5B88} = {E40746F3-3109-4738-84C1-6602F9E7C155}
		{A3C3B218-AC28-4E49-92E5-3C879D6C344A} = {E40746F3-3109-4738-84C1-6602F9E7C155}
		{1F657E99-2368-44CE-BD6F-5D654374E43A} = {E40746F3-3109-4738-84C1-6602F9E7C155}
		{02565A66-4153-4217-BED5-55DAC69808D0} = {3F11D4A3-F2E0-4A09-A270-18AAF8DE25F6}
	EndGlobalSection
EndGlobal
