
Microsoft Visual Studio Solution File, Format Version 10.00
# Visual Studio 2008
Project("{FAE04EC0-301F-11D3-BF4B-00C04F79EFBC}") = "Self Hosting", "Basic\Self Hosting\Self Hosting.csproj", "{96625DD1-8A7B-475F-B912-F0F4820928F0}"
EndProject
Project("{2150E333-8FDC-42A3-9474-1A3956D46DE8}") = "Basic", "Basic", "{7C75BF7F-41DE-4521-92B7-DE22459EC26B}"
EndProject
Project("{FAE04EC0-301F-11D3-BF4B-00C04F79EFBC}") = "Channels", "Basic\Channels\Channels.csproj", "{05F0771F-D83A-4D88-89EE-0B38E68D0996}"
EndProject
Project("{FAE04EC0-301F-11D3-BF4B-00C04F79EFBC}") = "Service Proxy", "Basic\Proxy\Service Proxy.csproj", "{CD253D65-7953-4EFF-A162-CC4F7BADEF53}"
EndProject
Project("{2150E333-8FDC-42A3-9474-1A3956D46DE8}") = "Operations", "Operations", "{BB24BC9F-CF74-45D4-8494-E4DBE3BEF85F}"
EndProject
Project("{2150E333-8FDC-42A3-9474-1A3956D46DE8}") = "Concurrency", "Concurrency", "{7B36E48D-B0AE-4517-B252-CC71E7A3A4F1}"
EndProject
Project("{2150E333-8FDC-42A3-9474-1A3956D46DE8}") = "SynchronizationContext", "SynchronizationContext", "{5C4BDF66-2C3F-497A-B705-514796BE628B}"
EndProject
Project("{2150E333-8FDC-42A3-9474-1A3956D46DE8}") = "Callback on UI Thread", "Callback on UI Thread", "{CCD98C57-5F8D-4C1D-9921-279968192DEE}"
EndProject
Project("{FAE04EC0-301F-11D3-BF4B-00C04F79EFBC}") = "Client", "Concurrency\SynchronizationContext\Callback on UI Thread\Client\Client.csproj", "{3A0FA37B-FE01-4714-BD82-3888211A4C42}"
EndProject
Project("{FAE04EC0-301F-11D3-BF4B-00C04F79EFBC}") = "Service", "Concurrency\SynchronizationContext\Callback on UI Thread\Service\Service.csproj", "{12DE461B-CFA7-445C-805B-E67A47A000BD}"
EndProject
Project("{FAE04EC0-301F-11D3-BF4B-00C04F79EFBC}") = "UI Hosted Service", "Concurrency\SynchronizationContext\UI Hosted Service\UI Hosted Service.csproj", "{989EB0FD-E1CE-4EA7-AD98-3B61EFED81C6}"
EndProject
Project("{FAE04EC0-301F-11D3-BF4B-00C04F79EFBC}") = "Form as a Service", "Concurrency\SynchronizationContext\Form as a Service\Form as a Service.csproj", "{10CFA6B7-B0F5-4CD4-9750-AE1C56753D5E}"
EndProject
Project("{2150E333-8FDC-42A3-9474-1A3956D46DE8}") = "Asynchronous Calls", "Asynchronous Calls", "{E40746F3-3109-4738-84C1-6602F9E7C155}"
EndProject
Project("{FAE04EC0-301F-11D3-BF4B-00C04F79EFBC}") = "Basic Asynchronous Call", "Concurrency\Asynchronous Calls\Basic Asynchronous Call\Basic Asynchronous Call.csproj", "{93ED8347-6143-4526-8066-BCB4F42CB17D}"
EndProject
Project("{2150E333-8FDC-42A3-9474-1A3956D46DE8}") = "Reference Projects", "Reference Projects", "{3F11D4A3-F2E0-4A09-A270-18AAF8DE25F6}"
EndProject
Project("{FAE04EC0-301F-11D3-BF4B-00C04F79EFBC}") = "ServiceModel.Extensions", "..\CodeRunner\ServiceModel.Extensions\ServiceModel.Extensions.csproj", "{02565A66-4153-4217-BED5-55DAC69808D0}"
EndProject
Project("{FAE04EC0-301F-11D3-BF4B-00C04F79EFBC}") = "WaitHandle", "Concurrency\Asynchronous Calls\WaitHandle\WaitHandle.csproj", "{1FE307B2-0EE8-46A6-935B-9EE9E0BB5B88}"
EndProject
Project("{FAE04EC0-301F-11D3-BF4B-00C04F79EFBC}") = "Completion Callback", "Concurrency\Asynchronous Calls\Completion Callback\Completion Callback.csproj", "{A3C3B218-AC28-4E49-92E5-3C879D6C344A}"
EndProject
Project("{FAE04EC0-301F-11D3-BF4B-00C04F79EFBC}") = "Callback SynchronizationContext", "Concurrency\Asynchronous Calls\Callback SynchronizationContext\Callback SynchronizationContext.csproj", "{1F657E99-2368-44CE-BD6F-5D654374E43A}"
EndProject
Project("{FAE04EC0-301F-11D3-BF4B-00C04F79EFBC}") = "Overloading", "Operations\Overloading\Overloading.csproj", "{0813B93A-D31E-490F-9A58-753E36729854}"
EndProject
Project("{2150E333-8FDC-42A3-9474-1A3956D46DE8}") = "Faults", "Faults", "{5A2E7992-9218-4BC0-B29D-3CE94FD32F11}"
EndProject
Project("{FAE04EC0-301F-11D3-BF4B-00C04F79EFBC}") = "Faults", "Faults\Faults.csproj", "{0E0C0D14-140A-44E8-8908-F2DF66F125A2}"
EndProject
Project("{2150E333-8FDC-42A3-9474-1A3956D46DE8}") = "Contracts", "Contracts", "{69A9D19F-9484-4BE8-B0B8-6F6BDA5EB2F8}"
EndProject
Project("{FAE04EC0-301F-11D3-BF4B-00C04F79EFBC}") = "Message Headers", "Contracts\Message Header\Message Headers.csproj", "{6FE976EA-3C61-45CD-99D3-54A57E8B78BC}"
EndProject
Project("{FAE04EC0-301F-11D3-BF4B-00C04F79EFBC}") = "Streaming", "Operations\Streaming\Streaming.csproj", "{CE16B7E3-A300-445A-B50E-E84B6703CD6E}"
EndProject
Project("{2150E333-8FDC-42A3-9474-1A3956D46DE8}") = "Security", "Security", "{85DF7C49-E071-40BA-8E5A-9E08A9B5256E}"
EndProject
Project("{FAE04EC0-301F-11D3-BF4B-00C04F79EFBC}") = "Data Contracts", "Contracts\Data Contracts\Data Contracts.csproj", "{834D28AC-1DB8-483F-8D72-04E9A24A7245}"
EndProject
Project("{2150E333-8FDC-42A3-9474-1A3956D46DE8}") = "Solution Items", "Solution Items", "{32E38CF4-C294-4D53-B40C-06CC89E56EC7}"
	ProjectSection(SolutionItems) = preProject
		LocalTestRun.testrunconfig = LocalTestRun.testrunconfig
		ServiceModel.Examples.vsmdi = ServiceModel.Examples.vsmdi
	EndProjectSection
EndProject
Project("{FAE04EC0-301F-11D3-BF4B-00C04F79EFBC}") = "Authentication", "Security\Authentication\Authentication.csproj", "{660DBB65-5F3B-4706-91CB-F8833B7BDF72}"
EndProject
Project("{FAE04EC0-301F-11D3-BF4B-00C04F79EFBC}") = "Authorization", "Security\Authorization\Authorization.csproj", "{8CAE9428-CB07-4545-8097-931D28C71861}"
EndProject
Project("{FAE04EC0-301F-11D3-BF4B-00C04F79EFBC}") = "Transactions", "..\CodeRunner\Transactions\Transactions.csproj", "{FE702AED-3A15-48EE-8E46-04FCADF22D43}"
EndProject
Project("{2150E333-8FDC-42A3-9474-1A3956D46DE8}") = "Transactions", "Transactions", "{91B29036-46DE-41DA-96FC-734BA53D7672}"
EndProject
Project("{FAE04EC0-301F-11D3-BF4B-00C04F79EFBC}") = "Transactions", "Transactions\Transactions.csproj", "{90424F8C-A606-4C6D-A2F4-676A51735577}"
EndProject
Project("{FAE04EC0-301F-11D3-BF4B-00C04F79EFBC}") = "Events", "Operations\Events\Events.csproj", "{1FF1A338-CD83-4272-8108-9C3218D30CAE}"
EndProject
Project("{FAE04EC0-301F-11D3-BF4B-00C04F79EFBC}") = "Basic", "Operations\Basic\Basic.csproj", "{9052EEF0-1758-4E97-94F7-BBCB26930048}"
EndProject
Project("{2150E333-8FDC-42A3-9474-1A3956D46DE8}") = "Instance Management", "Instance Management", "{C7584917-2710-4176-9176-A15B3C9E27EA}"
EndProject
Project("{FAE04EC0-301F-11D3-BF4B-00C04F79EFBC}") = "Instance Management", "Instance Management\Instance Management.csproj", "{ECAA06F3-F01F-47AB-9FDB-E276A1C650AC}"
EndProject
Global
	GlobalSection(TestCaseManagementSettings) = postSolution
		CategoryFile = ServiceModel.Examples.vsmdi
	EndGlobalSection
	GlobalSection(SolutionConfigurationPlatforms) = preSolution
		Debug|Any CPU = Debug|Any CPU
		Release|Any CPU = Release|Any CPU
	EndGlobalSection
	GlobalSection(ProjectConfigurationPlatforms) = postSolution
		{96625DD1-8A7B-475F-B912-F0F4820928F0}.Debug|Any CPU.ActiveCfg = Debug|Any CPU
		{96625DD1-8A7B-475F-B912-F0F4820928F0}.Debug|Any CPU.Build.0 = Debug|Any CPU
		{96625DD1-8A7B-475F-B912-F0F4820928F0}.Release|Any CPU.ActiveCfg = Release|Any CPU
		{96625DD1-8A7B-475F-B912-F0F4820928F0}.Release|Any CPU.Build.0 = Release|Any CPU
		{05F0771F-D83A-4D88-89EE-0B38E68D0996}.Debug|Any CPU.ActiveCfg = Debug|Any CPU
		{05F0771F-D83A-4D88-89EE-0B38E68D0996}.Debug|Any CPU.Build.0 = Debug|Any CPU
		{05F0771F-D83A-4D88-89EE-0B38E68D0996}.Release|Any CPU.ActiveCfg = Release|Any CPU
		{05F0771F-D83A-4D88-89EE-0B38E68D0996}.Release|Any CPU.Build.0 = Release|Any CPU
		{CD253D65-7953-4EFF-A162-CC4F7BADEF53}.Debug|Any CPU.ActiveCfg = Debug|Any CPU
		{CD253D65-7953-4EFF-A162-CC4F7BADEF53}.Debug|Any CPU.Build.0 = Debug|Any CPU
		{CD253D65-7953-4EFF-A162-CC4F7BADEF53}.Release|Any CPU.ActiveCfg = Release|Any CPU
		{CD253D65-7953-4EFF-A162-CC4F7BADEF53}.Release|Any CPU.Build.0 = Release|Any CPU
		{3A0FA37B-FE01-4714-BD82-3888211A4C42}.Debug|Any CPU.ActiveCfg = Debug|Any CPU
		{3A0FA37B-FE01-4714-BD82-3888211A4C42}.Debug|Any CPU.Build.0 = Debug|Any CPU
		{3A0FA37B-FE01-4714-BD82-3888211A4C42}.Release|Any CPU.ActiveCfg = Release|Any CPU
		{3A0FA37B-FE01-4714-BD82-3888211A4C42}.Release|Any CPU.Build.0 = Release|Any CPU
		{12DE461B-CFA7-445C-805B-E67A47A000BD}.Debug|Any CPU.ActiveCfg = Debug|Any CPU
		{12DE461B-CFA7-445C-805B-E67A47A000BD}.Debug|Any CPU.Build.0 = Debug|Any CPU
		{12DE461B-CFA7-445C-805B-E67A47A000BD}.Release|Any CPU.ActiveCfg = Release|Any CPU
		{12DE461B-CFA7-445C-805B-E67A47A000BD}.Release|Any CPU.Build.0 = Release|Any CPU
		{989EB0FD-E1CE-4EA7-AD98-3B61EFED81C6}.Debug|Any CPU.ActiveCfg = Debug|Any CPU
		{989EB0FD-E1CE-4EA7-AD98-3B61EFED81C6}.Debug|Any CPU.Build.0 = Debug|Any CPU
		{989EB0FD-E1CE-4EA7-AD98-3B61EFED81C6}.Release|Any CPU.ActiveCfg = Release|Any CPU
		{989EB0FD-E1CE-4EA7-AD98-3B61EFED81C6}.Release|Any CPU.Build.0 = Release|Any CPU
		{10CFA6B7-B0F5-4CD4-9750-AE1C56753D5E}.Debug|Any CPU.ActiveCfg = Debug|Any CPU
		{10CFA6B7-B0F5-4CD4-9750-AE1C56753D5E}.Debug|Any CPU.Build.0 = Debug|Any CPU
		{10CFA6B7-B0F5-4CD4-9750-AE1C56753D5E}.Release|Any CPU.ActiveCfg = Release|Any CPU
		{10CFA6B7-B0F5-4CD4-9750-AE1C56753D5E}.Release|Any CPU.Build.0 = Release|Any CPU
		{93ED8347-6143-4526-8066-BCB4F42CB17D}.Debug|Any CPU.ActiveCfg = Debug|Any CPU
		{93ED8347-6143-4526-8066-BCB4F42CB17D}.Debug|Any CPU.Build.0 = Debug|Any CPU
		{93ED8347-6143-4526-8066-BCB4F42CB17D}.Release|Any CPU.ActiveCfg = Release|Any CPU
		{93ED8347-6143-4526-8066-BCB4F42CB17D}.Release|Any CPU.Build.0 = Release|Any CPU
		{02565A66-4153-4217-BED5-55DAC69808D0}.Debug|Any CPU.ActiveCfg = Debug|Any CPU
		{02565A66-4153-4217-BED5-55DAC69808D0}.Debug|Any CPU.Build.0 = Debug|Any CPU
		{02565A66-4153-4217-BED5-55DAC69808D0}.Release|Any CPU.ActiveCfg = Release|Any CPU
		{02565A66-4153-4217-BED5-55DAC69808D0}.Release|Any CPU.Build.0 = Release|Any CPU
		{1FE307B2-0EE8-46A6-935B-9EE9E0BB5B88}.Debug|Any CPU.ActiveCfg = Debug|Any CPU
		{1FE307B2-0EE8-46A6-935B-9EE9E0BB5B88}.Debug|Any CPU.Build.0 = Debug|Any CPU
		{1FE307B2-0EE8-46A6-935B-9EE9E0BB5B88}.Release|Any CPU.ActiveCfg = Release|Any CPU
		{1FE307B2-0EE8-46A6-935B-9EE9E0BB5B88}.Release|Any CPU.Build.0 = Release|Any CPU
		{A3C3B218-AC28-4E49-92E5-3C879D6C344A}.Debug|Any CPU.ActiveCfg = Debug|Any CPU
		{A3C3B218-AC28-4E49-92E5-3C879D6C344A}.Debug|Any CPU.Build.0 = Debug|Any CPU
		{A3C3B218-AC28-4E49-92E5-3C879D6C344A}.Release|Any CPU.ActiveCfg = Release|Any CPU
		{A3C3B218-AC28-4E49-92E5-3C879D6C344A}.Release|Any CPU.Build.0 = Release|Any CPU
		{1F657E99-2368-44CE-BD6F-5D654374E43A}.Debug|Any CPU.ActiveCfg = Debug|Any CPU
		{1F657E99-2368-44CE-BD6F-5D654374E43A}.Debug|Any CPU.Build.0 = Debug|Any CPU
		{1F657E99-2368-44CE-BD6F-5D654374E43A}.Release|Any CPU.ActiveCfg = Release|Any CPU
		{1F657E99-2368-44CE-BD6F-5D654374E43A}.Release|Any CPU.Build.0 = Release|Any CPU
		{0813B93A-D31E-490F-9A58-753E36729854}.Debug|Any CPU.ActiveCfg = Debug|Any CPU
		{0813B93A-D31E-490F-9A58-753E36729854}.Debug|Any CPU.Build.0 = Debug|Any CPU
		{0813B93A-D31E-490F-9A58-753E36729854}.Release|Any CPU.ActiveCfg = Release|Any CPU
		{0813B93A-D31E-490F-9A58-753E36729854}.Release|Any CPU.Build.0 = Release|Any CPU
		{0E0C0D14-140A-44E8-8908-F2DF66F125A2}.Debug|Any CPU.ActiveCfg = Debug|Any CPU
		{0E0C0D14-140A-44E8-8908-F2DF66F125A2}.Debug|Any CPU.Build.0 = Debug|Any CPU
		{0E0C0D14-140A-44E8-8908-F2DF66F125A2}.Release|Any CPU.ActiveCfg = Release|Any CPU
		{0E0C0D14-140A-44E8-8908-F2DF66F125A2}.Release|Any CPU.Build.0 = Release|Any CPU
		{6FE976EA-3C61-45CD-99D3-54A57E8B78BC}.Debug|Any CPU.ActiveCfg = Debug|Any CPU
		{6FE976EA-3C61-45CD-99D3-54A57E8B78BC}.Debug|Any CPU.Build.0 = Debug|Any CPU
		{6FE976EA-3C61-45CD-99D3-54A57E8B78BC}.Release|Any CPU.ActiveCfg = Release|Any CPU
		{6FE976EA-3C61-45CD-99D3-54A57E8B78BC}.Release|Any CPU.Build.0 = Release|Any CPU
		{CE16B7E3-A300-445A-B50E-E84B6703CD6E}.Debug|Any CPU.ActiveCfg = Debug|Any CPU
		{CE16B7E3-A300-445A-B50E-E84B6703CD6E}.Debug|Any CPU.Build.0 = Debug|Any CPU
		{CE16B7E3-A300-445A-B50E-E84B6703CD6E}.Release|Any CPU.ActiveCfg = Release|Any CPU
		{CE16B7E3-A300-445A-B50E-E84B6703CD6E}.Release|Any CPU.Build.0 = Release|Any CPU
		{834D28AC-1DB8-483F-8D72-04E9A24A7245}.Debug|Any CPU.ActiveCfg = Debug|Any CPU
		{834D28AC-1DB8-483F-8D72-04E9A24A7245}.Debug|Any CPU.Build.0 = Debug|Any CPU
		{834D28AC-1DB8-483F-8D72-04E9A24A7245}.Release|Any CPU.ActiveCfg = Release|Any CPU
		{834D28AC-1DB8-483F-8D72-04E9A24A7245}.Release|Any CPU.Build.0 = Release|Any CPU
		{660DBB65-5F3B-4706-91CB-F8833B7BDF72}.Debug|Any CPU.ActiveCfg = Debug|Any CPU
		{660DBB65-5F3B-4706-91CB-F8833B7BDF72}.Debug|Any CPU.Build.0 = Debug|Any CPU
		{660DBB65-5F3B-4706-91CB-F8833B7BDF72}.Release|Any CPU.ActiveCfg = Release|Any CPU
		{660DBB65-5F3B-4706-91CB-F8833B7BDF72}.Release|Any CPU.Build.0 = Release|Any CPU
		{8CAE9428-CB07-4545-8097-931D28C71861}.Debug|Any CPU.ActiveCfg = Debug|Any CPU
		{8CAE9428-CB07-4545-8097-931D28C71861}.Debug|Any CPU.Build.0 = Debug|Any CPU
		{8CAE9428-CB07-4545-8097-931D28C71861}.Release|Any CPU.ActiveCfg = Release|Any CPU
		{8CAE9428-CB07-4545-8097-931D28C71861}.Release|Any CPU.Build.0 = Release|Any CPU
		{FE702AED-3A15-48EE-8E46-04FCADF22D43}.Debug|Any CPU.ActiveCfg = Debug|Any CPU
		{FE702AED-3A15-48EE-8E46-04FCADF22D43}.Debug|Any CPU.Build.0 = Debug|Any CPU
		{FE702AED-3A15-48EE-8E46-04FCADF22D43}.Release|Any CPU.ActiveCfg = Release|Any CPU
		{FE702AED-3A15-48EE-8E46-04FCADF22D43}.Release|Any CPU.Build.0 = Release|Any CPU
		{90424F8C-A606-4C6D-A2F4-676A51735577}.Debug|Any CPU.ActiveCfg = Debug|Any CPU
		{90424F8C-A606-4C6D-A2F4-676A51735577}.Debug|Any CPU.Build.0 = Debug|Any CPU
		{90424F8C-A606-4C6D-A2F4-676A51735577}.Release|Any CPU.ActiveCfg = Release|Any CPU
		{90424F8C-A606-4C6D-A2F4-676A51735577}.Release|Any CPU.Build.0 = Release|Any CPU
		{1FF1A338-CD83-4272-8108-9C3218D30CAE}.Debug|Any CPU.ActiveCfg = Debug|Any CPU
		{1FF1A338-CD83-4272-8108-9C3218D30CAE}.Debug|Any CPU.Build.0 = Debug|Any CPU
		{1FF1A338-CD83-4272-8108-9C3218D30CAE}.Release|Any CPU.ActiveCfg = Release|Any CPU
		{1FF1A338-CD83-4272-8108-9C3218D30CAE}.Release|Any CPU.Build.0 = Release|Any CPU
		{9052EEF0-1758-4E97-94F7-BBCB26930048}.Debug|Any CPU.ActiveCfg = Debug|Any CPU
		{9052EEF0-1758-4E97-94F7-BBCB26930048}.Debug|Any CPU.Build.0 = Debug|Any CPU
		{9052EEF0-1758-4E97-94F7-BBCB26930048}.Release|Any CPU.ActiveCfg = Release|Any CPU
		{9052EEF0-1758-4E97-94F7-BBCB26930048}.Release|Any CPU.Build.0 = Release|Any CPU
		{ECAA06F3-F01F-47AB-9FDB-E276A1C650AC}.Debug|Any CPU.ActiveCfg = Debug|Any CPU
		{ECAA06F3-F01F-47AB-9FDB-E276A1C650AC}.Debug|Any CPU.Build.0 = Debug|Any CPU
		{ECAA06F3-F01F-47AB-9FDB-E276A1C650AC}.Release|Any CPU.ActiveCfg = Release|Any CPU
		{ECAA06F3-F01F-47AB-9FDB-E276A1C650AC}.Release|Any CPU.Build.0 = Release|Any CPU
	EndGlobalSection
	GlobalSection(SolutionProperties) = preSolution
		HideSolutionNode = FALSE
	EndGlobalSection
	GlobalSection(NestedProjects) = preSolution
		{96625DD1-8A7B-475F-B912-F0F4820928F0} = {7C75BF7F-41DE-4521-92B7-DE22459EC26B}
		{05F0771F-D83A-4D88-89EE-0B38E68D0996} = {7C75BF7F-41DE-4521-92B7-DE22459EC26B}
		{CD253D65-7953-4EFF-A162-CC4F7BADEF53} = {7C75BF7F-41DE-4521-92B7-DE22459EC26B}
		{0813B93A-D31E-490F-9A58-753E36729854} = {BB24BC9F-CF74-45D4-8494-E4DBE3BEF85F}
		{CE16B7E3-A300-445A-B50E-E84B6703CD6E} = {BB24BC9F-CF74-45D4-8494-E4DBE3BEF85F}
		{1FF1A338-CD83-4272-8108-9C3218D30CAE} = {BB24BC9F-CF74-45D4-8494-E4DBE3BEF85F}
		{9052EEF0-1758-4E97-94F7-BBCB26930048} = {BB24BC9F-CF74-45D4-8494-E4DBE3BEF85F}
		{5C4BDF66-2C3F-497A-B705-514796BE628B} = {7B36E48D-B0AE-4517-B252-CC71E7A3A4F1}
		{E40746F3-3109-4738-84C1-6602F9E7C155} = {7B36E48D-B0AE-4517-B252-CC71E7A3A4F1}
		{CCD98C57-5F8D-4C1D-9921-279968192DEE} = {5C4BDF66-2C3F-497A-B705-514796BE628B}
		{989EB0FD-E1CE-4EA7-AD98-3B61EFED81C6} = {5C4BDF66-2C3F-497A-B705-514796BE628B}
		{10CFA6B7-B0F5-4CD4-9750-AE1C56753D5E} = {5C4BDF66-2C3F-497A-B705-514796BE628B}
		{3A0FA37B-FE01-4714-BD82-3888211A4C42} = {CCD98C57-5F8D-4C1D-9921-279968192DEE}
		{12DE461B-CFA7-445C-805B-E67A47A000BD} = {CCD98C57-5F8D-4C1D-9921-279968192DEE}
		{93ED8347-6143-4526-8066-BCB4F42CB17D} = {E40746F3-3109-4738-84C1-6602F9E7C155}
		{1FE307B2-0EE8-46A6-935B-9EE9E0BB5B88} = {E40746F3-3109-4738-84C1-6602F9E7C155}
		{A3C3B218-AC28-4E49-92E5-3C879D6C344A} = {E40746F3-3109-4738-84C1-6602F9E7C155}
		{1F657E99-2368-44CE-BD6F-5D654374E43A} = {E40746F3-3109-4738-84C1-6602F9E7C155}
		{02565A66-4153-4217-BED5-55DAC69808D0} = {3F11D4A3-F2E0-4A09-A270-18AAF8DE25F6}
		{FE702AED-3A15-48EE-8E46-04FCADF22D43} = {3F11D4A3-F2E0-4A09-A270-18AAF8DE25F6}
		{0E0C0D14-140A-44E8-8908-F2DF66F125A2} = {5A2E7992-9218-4BC0-B29D-3CE94FD32F11}
		{6FE976EA-3C61-45CD-99D3-54A57E8B78BC} = {69A9D19F-9484-4BE8-B0B8-6F6BDA5EB2F8}
		{834D28AC-1DB8-483F-8D72-04E9A24A7245} = {69A9D19F-9484-4BE8-B0B8-6F6BDA5EB2F8}
		{660DBB65-5F3B-4706-91CB-F8833B7BDF72} = {85DF7C49-E071-40BA-8E5A-9E08A9B5256E}
		{8CAE9428-CB07-4545-8097-931D28C71861} = {85DF7C49-E071-40BA-8E5A-9E08A9B5256E}
		{90424F8C-A606-4C6D-A2F4-676A51735577} = {91B29036-46DE-41DA-96FC-734BA53D7672}
		{ECAA06F3-F01F-47AB-9FDB-E276A1C650AC} = {C7584917-2710-4176-9176-A15B3C9E27EA}
	EndGlobalSection
EndGlobal
