
Microsoft Visual Studio Solution File, Format Version 10.00
# Visual Studio 2008
Project("{FAE04EC0-301F-11D3-BF4B-00C04F79EFBC}") = "With Overloaded Operations", "With Overloaded Operations\With Overloaded Operations.csproj", "{600B6347-00D7-4596-8F2A-6F351D534473}"
EndProject
Project("{FAE04EC0-301F-11D3-BF4B-00C04F79EFBC}") = "Overloaded Operator Client", "Overloaded Operator Client\Overloaded Operator Client.csproj", "{7F355C5D-F03B-4AA0-9AFB-A90C282DBFC9}"
	ProjectSection(ProjectDependencies) = postProject
		{600B6347-00D7-4596-8F2A-6F351D534473} = {600B6347-00D7-4596-8F2A-6F351D534473}
	EndProjectSection
EndProject
Global
	GlobalSection(SolutionConfigurationPlatforms) = preSolution
		Debug|Any CPU = Debug|Any CPU
		Release|Any CPU = Release|Any CPU
	EndGlobalSection
	GlobalSection(ProjectConfigurationPlatforms) = postSolution
		{600B6347-00D7-4596-8F2A-6F351D534473}.Debug|Any CPU.ActiveCfg = Debug|Any CPU
		{600B6347-00D7-4596-8F2A-6F351D534473}.Debug|Any CPU.Build.0 = Debug|Any CPU
		{600B6347-00D7-4596-8F2A-6F351D534473}.Release|Any CPU.ActiveCfg = Release|Any CPU
		{600B6347-00D7-4596-8F2A-6F351D534473}.Release|Any CPU.Build.0 = Release|Any CPU
		{7F355C5D-F03B-4AA0-9AFB-A90C282DBFC9}.Debug|Any CPU.ActiveCfg = Debug|Any CPU
		{7F355C5D-F03B-4AA0-9AFB-A90C282DBFC9}.Debug|Any CPU.Build.0 = Debug|Any CPU
		{7F355C5D-F03B-4AA0-9AFB-A90C282DBFC9}.Release|Any CPU.ActiveCfg = Release|Any CPU
		{7F355C5D-F03B-4AA0-9AFB-A90C282DBFC9}.Release|Any CPU.Build.0 = Release|Any CPU
	EndGlobalSection
	GlobalSection(SolutionProperties) = preSolution
		HideSolutionNode = FALSE
	EndGlobalSection
EndGlobal
