
Microsoft Visual Studio Solution File, Format Version 10.00
# Visual Studio 2008
Project("{FAE04EC0-301F-11D3-BF4B-00C04F79EFBC}") = "EnablingMexByConfig", "EnablingMexByConfig.csproj", "{2B10FCD1-36F1-477B-A0A6-4773068562CB}"
EndProject
Global
	GlobalSection(SolutionConfigurationPlatforms) = preSolution
		Debug|Any CPU = Debug|Any CPU
		Release|Any CPU = Release|Any CPU
	EndGlobalSection
	GlobalSection(ProjectConfigurationPlatforms) = postSolution
		{2B10FCD1-36F1-477B-A0A6-4773068562CB}.Debug|Any CPU.ActiveCfg = Debug|Any CPU
		{2B10FCD1-36F1-477B-A0A6-4773068562CB}.Debug|Any CPU.Build.0 = Debug|Any CPU
		{2B10FCD1-36F1-477B-A0A6-4773068562CB}.Release|Any CPU.ActiveCfg = Release|Any CPU
		{2B10FCD1-36F1-477B-A0A6-4773068562CB}.Release|Any CPU.Build.0 = Release|Any CPU
	EndGlobalSection
	GlobalSection(SolutionProperties) = preSolution
		HideSolutionNode = FALSE
	EndGlobalSection
EndGlobal
