Microsoft Visual Studio Solution File, Format Version 10.00
# Visual Studio 2008
Project("{2150E333-8FDC-42A3-9474-1A3956D46DE8}") = "Solution Items", "Solution Items", "{B00721AB-C0CA-4B6E-A2E5-E2EEB148FCFF}"
	ProjectSection(SolutionItems) = preProject
		CodeRunner.vsmdi = CodeRunner.vsmdi
		LocalTestRun.testrunconfig = LocalTestRun.testrunconfig
	EndProjectSection
EndProject
Project("{FAE04EC0-301F-11D3-BF4B-00C04F79EFBC}") = "Transactions", "Transactions\Transactions.csproj", "{FE702AED-3A15-48EE-8E46-04FCADF22D43}"
EndProject
Project("{FAE04EC0-301F-11D3-BF4B-00C04F79EFBC}") = "Transactions", "Transactions\Tests\Transactions.csproj", "{28E99C00-DCD3-4D2F-80A9-D498EC348962}"
EndProject
Project("{2150E333-8FDC-42A3-9474-1A3956D46DE8}") = "Tests", "Tests", "{20A9BF9B-2827-4559-901B-2D18A937F73C}"
EndProject
Project("{FAE04EC0-301F-11D3-BF4B-00C04F79EFBC}") = "ServiceModel.Extensions", "ServiceModel.Extensions\ServiceModel.Extensions.csproj", "{02565A66-4153-4217-BED5-55DAC69808D0}"
EndProject
Project("{FAE04EC0-301F-11D3-BF4B-00C04F79EFBC}") = "ServiceModel.Extensions", "ServiceModel.Extensions\Tests\ServiceModel.Extensions.csproj", "{182D2818-5B2A-4B66-AB43-63D74FD5259C}"
EndProject
Global
	GlobalSection(TestCaseManagementSettings) = postSolution
		CategoryFile = CodeRunner.vsmdi
	EndGlobalSection
	GlobalSection(SolutionConfigurationPlatforms) = preSolution
		Debug|Any CPU = Debug|Any CPU
		Release|Any CPU = Release|Any CPU
	EndGlobalSection
	GlobalSection(ProjectConfigurationPlatforms) = postSolution
		{FE702AED-3A15-48EE-8E46-04FCADF22D43}.Debug|Any CPU.ActiveCfg = Debug|Any CPU
		{FE702AED-3A15-48EE-8E46-04FCADF22D43}.Debug|Any CPU.Build.0 = Debug|Any CPU
		{FE702AED-3A15-48EE-8E46-04FCADF22D43}.Release|Any CPU.ActiveCfg = Release|Any CPU
		{FE702AED-3A15-48EE-8E46-04FCADF22D43}.Release|Any CPU.Build.0 = Release|Any CPU
		{28E99C00-DCD3-4D2F-80A9-D498EC348962}.Debug|Any CPU.ActiveCfg = Debug|Any CPU
		{28E99C00-DCD3-4D2F-80A9-D498EC348962}.Debug|Any CPU.Build.0 = Debug|Any CPU
		{28E99C00-DCD3-4D2F-80A9-D498EC348962}.Release|Any CPU.ActiveCfg = Release|Any CPU
		{28E99C00-DCD3-4D2F-80A9-D498EC348962}.Release|Any CPU.Build.0 = Release|Any CPU
		{02565A66-4153-4217-BED5-55DAC69808D0}.Debug|Any CPU.ActiveCfg = Debug|Any CPU
		{02565A66-4153-4217-BED5-55DAC69808D0}.Debug|Any CPU.Build.0 = Debug|Any CPU
		{02565A66-4153-4217-BED5-55DAC69808D0}.Release|Any CPU.ActiveCfg = Release|Any CPU
		{02565A66-4153-4217-BED5-55DAC69808D0}.Release|Any CPU.Build.0 = Release|Any CPU
		{182D2818-5B2A-4B66-AB43-63D74FD5259C}.Debug|Any CPU.ActiveCfg = Debug|Any CPU
		{182D2818-5B2A-4B66-AB43-63D74FD5259C}.Debug|Any CPU.Build.0 = Debug|Any CPU
		{182D2818-5B2A-4B66-AB43-63D74FD5259C}.Release|Any CPU.ActiveCfg = Release|Any CPU
		{182D2818-5B2A-4B66-AB43-63D74FD5259C}.Release|Any CPU.Build.0 = Release|Any CPU
	EndGlobalSection
	GlobalSection(SolutionProperties) = preSolution
		HideSolutionNode = FALSE
	EndGlobalSection
	GlobalSection(NestedProjects) = preSolution
		{28E99C00-DCD3-4D2F-80A9-D498EC348962} = {20A9BF9B-2827-4559-901B-2D18A937F73C}
		{182D2818-5B2A-4B66-AB43-63D74FD5259C} = {20A9BF9B-2827-4559-901B-2D18A937F73C}
	EndGlobalSection
EndGlobal
